
Microsoft Visual Studio Solution File, Format Version 12.00
# Visual Studio Version 17
VisualStudioVersion = 17.8.34330.188
MinimumVisualStudioVersion = 10.0.40219.1
Project("{FAE04EC0-301F-11D3-BF4B-00C04F79EFBC}") = "CountriesService", "CountriesService\CountriesService.csproj", "{2F3D61EB-97DB-45E9-931B-41A877DE0D41}"
EndProject
Global
	GlobalSection(SolutionConfigurationPlatforms) = preSolution
		Debug|Any CPU = Debug|Any CPU
		Release|Any CPU = Release|Any CPU
	EndGlobalSection
	GlobalSection(ProjectConfigurationPlatforms) = postSolution
		{2F3D61EB-97DB-45E9-931B-41A877DE0D41}.Debug|Any CPU.ActiveCfg = Debug|Any CPU
		{2F3D61EB-97DB-45E9-931B-41A877DE0D41}.Debug|Any CPU.Build.0 = Debug|Any CPU
		{2F3D61EB-97DB-45E9-931B-41A877DE0D41}.Release|Any CPU.ActiveCfg = Release|Any CPU
		{2F3D61EB-97DB-45E9-931B-41A877DE0D41}.Release|Any CPU.Build.0 = Release|Any CPU
	EndGlobalSection
	GlobalSection(SolutionProperties) = preSolution
		HideSolutionNode = FALSE
	EndGlobalSection
	GlobalSection(ExtensibilityGlobals) = postSolution
		SolutionGuid = {D36F0CF1-9696-458B-BE6E-18A4CFBCB83F}
	EndGlobalSection
EndGlobal
